// !$*UTF8*$!
{
	archiveVersion = 1;
	classes = {
	};
	objectVersion = 50;
	objects = {

/* Begin PBXBuildFile section */
		3255A0E624BAC69E00F8B441 /* AppDelegate.swift in Sources */ = {isa = PBXBuildFile; fileRef = 3255A0E524BAC69E00F8B441 /* AppDelegate.swift */; };
		3255A0E824BAC69E00F8B441 /* SceneDelegate.swift in Sources */ = {isa = PBXBuildFile; fileRef = 3255A0E724BAC69E00F8B441 /* SceneDelegate.swift */; };
		3255A0EA24BAC69E00F8B441 /* ContentView.swift in Sources */ = {isa = PBXBuildFile; fileRef = 3255A0E924BAC69E00F8B441 /* ContentView.swift */; };
		3255A0EC24BAC6A000F8B441 /* Assets.xcassets in Resources */ = {isa = PBXBuildFile; fileRef = 3255A0EB24BAC6A000F8B441 /* Assets.xcassets */; };
		3255A0EF24BAC6A000F8B441 /* Preview Assets.xcassets in Resources */ = {isa = PBXBuildFile; fileRef = 3255A0EE24BAC6A000F8B441 /* Preview Assets.xcassets */; };
		3255A0F224BAC6A000F8B441 /* LaunchScreen.storyboard in Resources */ = {isa = PBXBuildFile; fileRef = 3255A0F024BAC6A000F8B441 /* LaunchScreen.storyboard */; };
		3255A0FC24BAD56400F8B441 /* MemeEditorView.swift in Sources */ = {isa = PBXBuildFile; fileRef = 3255A0FB24BAD56400F8B441 /* MemeEditorView.swift */; };
		3255A0FE24BAD6C800F8B441 /* KeyboardResponder.swift in Sources */ = {isa = PBXBuildFile; fileRef = 3255A0FD24BAD6C800F8B441 /* KeyboardResponder.swift */; };
		3255A10024BAD6E800F8B441 /* ActivityView.swift in Sources */ = {isa = PBXBuildFile; fileRef = 3255A0FF24BAD6E800F8B441 /* ActivityView.swift */; };
		3255A10224BADB8300F8B441 /* ImagePickerView.swift in Sources */ = {isa = PBXBuildFile; fileRef = 3255A10124BADB8300F8B441 /* ImagePickerView.swift */; };
		3255A10424BADF2000F8B441 /* MemeModel.swift in Sources */ = {isa = PBXBuildFile; fileRef = 3255A10324BADF2000F8B441 /* MemeModel.swift */; };
/* End PBXBuildFile section */

/* Begin PBXFileReference section */
		3255A0E224BAC69E00F8B441 /* MemeMe 2.0.app */ = {isa = PBXFileReference; explicitFileType = wrapper.application; includeInIndex = 0; path = "MemeMe 2.0.app"; sourceTree = BUILT_PRODUCTS_DIR; };
		3255A0E524BAC69E00F8B441 /* AppDelegate.swift */ = {isa = PBXFileReference; lastKnownFileType = sourcecode.swift; path = AppDelegate.swift; sourceTree = "<group>"; };
		3255A0E724BAC69E00F8B441 /* SceneDelegate.swift */ = {isa = PBXFileReference; lastKnownFileType = sourcecode.swift; path = SceneDelegate.swift; sourceTree = "<group>"; };
		3255A0E924BAC69E00F8B441 /* ContentView.swift */ = {isa = PBXFileReference; lastKnownFileType = sourcecode.swift; path = ContentView.swift; sourceTree = "<group>"; };
		3255A0EB24BAC6A000F8B441 /* Assets.xcassets */ = {isa = PBXFileReference; lastKnownFileType = folder.assetcatalog; path = Assets.xcassets; sourceTree = "<group>"; };
		3255A0EE24BAC6A000F8B441 /* Preview Assets.xcassets */ = {isa = PBXFileReference; lastKnownFileType = folder.assetcatalog; path = "Preview Assets.xcassets"; sourceTree = "<group>"; };
		3255A0F124BAC6A000F8B441 /* Base */ = {isa = PBXFileReference; lastKnownFileType = file.storyboard; name = Base; path = Base.lproj/LaunchScreen.storyboard; sourceTree = "<group>"; };
		3255A0F324BAC6A000F8B441 /* Info.plist */ = {isa = PBXFileReference; lastKnownFileType = text.plist.xml; path = Info.plist; sourceTree = "<group>"; };
		3255A0FB24BAD56400F8B441 /* MemeEditorView.swift */ = {isa = PBXFileReference; lastKnownFileType = sourcecode.swift; path = MemeEditorView.swift; sourceTree = "<group>"; };
		3255A0FD24BAD6C800F8B441 /* KeyboardResponder.swift */ = {isa = PBXFileReference; lastKnownFileType = sourcecode.swift; path = KeyboardResponder.swift; sourceTree = "<group>"; };
		3255A0FF24BAD6E800F8B441 /* ActivityView.swift */ = {isa = PBXFileReference; lastKnownFileType = sourcecode.swift; path = ActivityView.swift; sourceTree = "<group>"; };
		3255A10124BADB8300F8B441 /* ImagePickerView.swift */ = {isa = PBXFileReference; lastKnownFileType = sourcecode.swift; path = ImagePickerView.swift; sourceTree = "<group>"; };
		3255A10324BADF2000F8B441 /* MemeModel.swift */ = {isa = PBXFileReference; lastKnownFileType = sourcecode.swift; path = MemeModel.swift; sourceTree = "<group>"; };
/* End PBXFileReference section */

/* Begin PBXFrameworksBuildPhase section */
		3255A0DF24BAC69E00F8B441 /* Frameworks */ = {
			isa = PBXFrameworksBuildPhase;
			buildActionMask = 2147483647;
			files = (
			);
			runOnlyForDeploymentPostprocessing = 0;
		};
/* End PBXFrameworksBuildPhase section */

/* Begin PBXGroup section */
		3255A0D924BAC69D00F8B441 = {
			isa = PBXGroup;
			children = (
				3255A0E424BAC69E00F8B441 /* MemeMe 2.0 */,
				3255A0E324BAC69E00F8B441 /* Products */,
			);
			sourceTree = "<group>";
		};
		3255A0E324BAC69E00F8B441 /* Products */ = {
			isa = PBXGroup;
			children = (
				3255A0E224BAC69E00F8B441 /* MemeMe 2.0.app */,
			);
			name = Products;
			sourceTree = "<group>";
		};
		3255A0E424BAC69E00F8B441 /* MemeMe 2.0 */ = {
			isa = PBXGroup;
			children = (
				3255A0FF24BAD6E800F8B441 /* ActivityView.swift */,
				3255A0E524BAC69E00F8B441 /* AppDelegate.swift */,
				3255A0E724BAC69E00F8B441 /* SceneDelegate.swift */,
				3255A0E924BAC69E00F8B441 /* ContentView.swift */,
				3255A0EB24BAC6A000F8B441 /* Assets.xcassets */,
				3255A0F024BAC6A000F8B441 /* LaunchScreen.storyboard */,
				3255A0F324BAC6A000F8B441 /* Info.plist */,
				3255A0ED24BAC6A000F8B441 /* Preview Content */,
				3255A0FB24BAD56400F8B441 /* MemeEditorView.swift */,
				3255A0FD24BAD6C800F8B441 /* KeyboardResponder.swift */,
				3255A10124BADB8300F8B441 /* ImagePickerView.swift */,
				3255A10324BADF2000F8B441 /* MemeModel.swift */,
			);
			path = "MemeMe 2.0";
			sourceTree = "<group>";
		};
		3255A0ED24BAC6A000F8B441 /* Preview Content */ = {
			isa = PBXGroup;
			children = (
				3255A0EE24BAC6A000F8B441 /* Preview Assets.xcassets */,
			);
			path = "Preview Content";
			sourceTree = "<group>";
		};
/* End PBXGroup section */

/* Begin PBXNativeTarget section */
		3255A0E124BAC69E00F8B441 /* MemeMe 2.0 */ = {
			isa = PBXNativeTarget;
			buildConfigurationList = 3255A0F624BAC6A000F8B441 /* Build configuration list for PBXNativeTarget "MemeMe 2.0" */;
			buildPhases = (
				3255A0DE24BAC69E00F8B441 /* Sources */,
				3255A0DF24BAC69E00F8B441 /* Frameworks */,
				3255A0E024BAC69E00F8B441 /* Resources */,
			);
			buildRules = (
			);
			dependencies = (
			);
			name = "MemeMe 2.0";
			productName = "MemeMe 2.0";
			productReference = 3255A0E224BAC69E00F8B441 /* MemeMe 2.0.app */;
			productType = "com.apple.product-type.application";
		};
/* End PBXNativeTarget section */

/* Begin PBXProject section */
		3255A0DA24BAC69D00F8B441 /* Project object */ = {
			isa = PBXProject;
			attributes = {
				LastSwiftUpdateCheck = 1140;
				LastUpgradeCheck = 1140;
				ORGANIZATIONNAME = Udacity;
				TargetAttributes = {
					3255A0E124BAC69E00F8B441 = {
						CreatedOnToolsVersion = 11.4.1;
					};
				};
			};
			buildConfigurationList = 3255A0DD24BAC69D00F8B441 /* Build configuration list for PBXProject "MemeMe 2.0" */;
			compatibilityVersion = "Xcode 9.3";
			developmentRegion = en;
			hasScannedForEncodings = 0;
			knownRegions = (
				en,
				Base,
			);
			mainGroup = 3255A0D924BAC69D00F8B441;
			productRefGroup = 3255A0E324BAC69E00F8B441 /* Products */;
			projectDirPath = "";
			projectRoot = "";
			targets = (
				3255A0E124BAC69E00F8B441 /* MemeMe 2.0 */,
			);
		};
/* End PBXProject section */

/* Begin PBXResourcesBuildPhase section */
		3255A0E024BAC69E00F8B441 /* Resources */ = {
			isa = PBXResourcesBuildPhase;
			buildActionMask = 2147483647;
			files = (
				3255A0F224BAC6A000F8B441 /* LaunchScreen.storyboard in Resources */,
				3255A0EF24BAC6A000F8B441 /* Preview Assets.xcassets in Resources */,
				3255A0EC24BAC6A000F8B441 /* Assets.xcassets in Resources */,
			);
			runOnlyForDeploymentPostprocessing = 0;
		};
/* End PBXResourcesBuildPhase section */

/* Begin PBXSourcesBuildPhase section */
		3255A0DE24BAC69E00F8B441 /* Sources */ = {
			isa = PBXSourcesBuildPhase;
			buildActionMask = 2147483647;
			files = (
				3255A0E624BAC69E00F8B441 /* AppDelegate.swift in Sources */,
				3255A0E824BAC69E00F8B441 /* SceneDelegate.swift in Sources */,
				3255A0FC24BAD56400F8B441 /* MemeEditorView.swift in Sources */,
				3255A10424BADF2000F8B441 /* MemeModel.swift in Sources */,
				3255A10224BADB8300F8B441 /* ImagePickerView.swift in Sources */,
				3255A10024BAD6E800F8B441 /* ActivityView.swift in Sources */,
				3255A0EA24BAC69E00F8B441 /* ContentView.swift in Sources */,
				3255A0FE24BAD6C800F8B441 /* KeyboardResponder.swift in Sources */,
			);
			runOnlyForDeploymentPostprocessing = 0;
		};
/* End PBXSourcesBuildPhase section */

/* Begin PBXVariantGroup section */
		3255A0F024BAC6A000F8B441 /* LaunchScreen.storyboard */ = {
			isa = PBXVariantGroup;
			children = (
				3255A0F124BAC6A000F8B441 /* Base */,
			);
			name = LaunchScreen.storyboard;
			sourceTree = "<group>";
		};
/* End PBXVariantGroup section */

/* Begin XCBuildConfiguration section */
		3255A0F424BAC6A000F8B441 /* Debug */ = {
			isa = XCBuildConfiguration;
			buildSettings = {
				ALWAYS_SEARCH_USER_PATHS = NO;
				CLANG_ANALYZER_NONNULL = YES;
				CLANG_ANALYZER_NUMBER_OBJECT_CONVERSION = YES_AGGRESSIVE;
				CLANG_CXX_LANGUAGE_STANDARD = "gnu++14";
				CLANG_CXX_LIBRARY = "libc++";
				CLANG_ENABLE_MODULES = YES;
				CLANG_ENABLE_OBJC_ARC = YES;
				CLANG_ENABLE_OBJC_WEAK = YES;
				CLANG_WARN_BLOCK_CAPTURE_AUTORELEASING = YES;
				CLANG_WARN_BOOL_CONVERSION = YES;
				CLANG_WARN_COMMA = YES;
				CLANG_WARN_CONSTANT_CONVERSION = YES;
				CLANG_WARN_DEPRECATED_OBJC_IMPLEMENTATIONS = YES;
				CLANG_WARN_DIRECT_OBJC_ISA_USAGE = YES_ERROR;
				CLANG_WARN_DOCUMENTATION_COMMENTS = YES;
				CLANG_WARN_EMPTY_BODY = YES;
				CLANG_WARN_ENUM_CONVERSION = YES;
				CLANG_WARN_INFINITE_RECURSION = YES;
				CLANG_WARN_INT_CONVERSION = YES;
				CLANG_WARN_NON_LITERAL_NULL_CONVERSION = YES;
				CLANG_WARN_OBJC_IMPLICIT_RETAIN_SELF = YES;
				CLANG_WARN_OBJC_LITERAL_CONVERSION = YES;
				CLANG_WARN_OBJC_ROOT_CLASS = YES_ERROR;
				CLANG_WARN_RANGE_LOOP_ANALYSIS = YES;
				CLANG_WARN_STRICT_PROTOTYPES = YES;
				CLANG_WARN_SUSPICIOUS_MOVE = YES;
				CLANG_WARN_UNGUARDED_AVAILABILITY = YES_AGGRESSIVE;
				CLANG_WARN_UNREACHABLE_CODE = YES;
				CLANG_WARN__DUPLICATE_METHOD_MATCH = YES;
				COPY_PHASE_STRIP = NO;
				DEBUG_INFORMATION_FORMAT = dwarf;
				ENABLE_STRICT_OBJC_MSGSEND = YES;
				ENABLE_TESTABILITY = YES;
				GCC_C_LANGUAGE_STANDARD = gnu11;
				GCC_DYNAMIC_NO_PIC = NO;
				GCC_NO_COMMON_BLOCKS = YES;
				GCC_OPTIMIZATION_LEVEL = 0;
				GCC_PREPROCESSOR_DEFINITIONS = (
					"DEBUG=1",
					"$(inherited)",
				);
				GCC_WARN_64_TO_32_BIT_CONVERSION = YES;
				GCC_WARN_ABOUT_RETURN_TYPE = YES_ERROR;
				GCC_WARN_UNDECLARED_SELECTOR = YES;
				GCC_WARN_UNINITIALIZED_AUTOS = YES_AGGRESSIVE;
				GCC_WARN_UNUSED_FUNCTION = YES;
				GCC_WARN_UNUSED_VARIABLE = YES;
				IPHONEOS_DEPLOYMENT_TARGET = 13.4;
				MTL_ENABLE_DEBUG_INFO = INCLUDE_SOURCE;
				MTL_FAST_MATH = YES;
				ONLY_ACTIVE_ARCH = YES;
				SDKROOT = iphoneos;
				SWIFT_ACTIVE_COMPILATION_CONDITIONS = DEBUG;
				SWIFT_OPTIMIZATION_LEVEL = "-Onone";
			};
			name = Debug;
		};
		3255A0F524BAC6A000F8B441 /* Release */ = {
			isa = XCBuildConfiguration;
			buildSettings = {
				ALWAYS_SEARCH_USER_PATHS = NO;
				CLANG_ANALYZER_NONNULL = YES;
				CLANG_ANALYZER_NUMBER_OBJECT_CONVERSION = YES_AGGRESSIVE;
				CLANG_CXX_LANGUAGE_STANDARD = "gnu++14";
				CLANG_CXX_LIBRARY = "libc++";
				CLANG_ENABLE_MODULES = YES;
				CLANG_ENABLE_OBJC_ARC = YES;
				CLANG_ENABLE_OBJC_WEAK = YES;
				CLANG_WARN_BLOCK_CAPTURE_AUTORELEASING = YES;
				CLANG_WARN_BOOL_CONVERSION = YES;
				CLANG_WARN_COMMA = YES;
				CLANG_WARN_CONSTANT_CONVERSION = YES;
				CLANG_WARN_DEPRECATED_OBJC_IMPLEMENTATIONS = YES;
				CLANG_WARN_DIRECT_OBJC_ISA_USAGE = YES_ERROR;
				CLANG_WARN_DOCUMENTATION_COMMENTS = YES;
				CLANG_WARN_EMPTY_BODY = YES;
				CLANG_WARN_ENUM_CONVERSION = YES;
				CLANG_WARN_INFINITE_RECURSION = YES;
				CLANG_WARN_INT_CONVERSION = YES;
				CLANG_WARN_NON_LITERAL_NULL_CONVERSION = YES;
				CLANG_WARN_OBJC_IMPLICIT_RETAIN_SELF = YES;
				CLANG_WARN_OBJC_LITERAL_CONVERSION = YES;
				CLANG_WARN_OBJC_ROOT_CLASS = YES_ERROR;
				CLANG_WARN_RANGE_LOOP_ANALYSIS = YES;
				CLANG_WARN_STRICT_PROTOTYPES = YES;
				CLANG_WARN_SUSPICIOUS_MOVE = YES;
				CLANG_WARN_UNGUARDED_AVAILABILITY = YES_AGGRESSIVE;
				CLANG_WARN_UNREACHABLE_CODE = YES;
				CLANG_WARN__DUPLICATE_METHOD_MATCH = YES;
				COPY_PHASE_STRIP = NO;
				DEBUG_INFORMATION_FORMAT = "dwarf-with-dsym";
				ENABLE_NS_ASSERTIONS = NO;
				ENABLE_STRICT_OBJC_MSGSEND = YES;
				GCC_C_LANGUAGE_STANDARD = gnu11;
				GCC_NO_COMMON_BLOCKS = YES;
				GCC_WARN_64_TO_32_BIT_CONVERSION = YES;
				GCC_WARN_ABOUT_RETURN_TYPE = YES_ERROR;
				GCC_WARN_UNDECLARED_SELECTOR = YES;
				GCC_WARN_UNINITIALIZED_AUTOS = YES_AGGRESSIVE;
				GCC_WARN_UNUSED_FUNCTION = YES;
				GCC_WARN_UNUSED_VARIABLE = YES;
				IPHONEOS_DEPLOYMENT_TARGET = 13.4;
				MTL_ENABLE_DEBUG_INFO = NO;
				MTL_FAST_MATH = YES;
				SDKROOT = iphoneos;
				SWIFT_COMPILATION_MODE = wholemodule;
				SWIFT_OPTIMIZATION_LEVEL = "-O";
				VALIDATE_PRODUCT = YES;
			};
			name = Release;
		};
		3255A0F724BAC6A000F8B441 /* Debug */ = {
			isa = XCBuildConfiguration;
			buildSettings = {
				ASSETCATALOG_COMPILER_APPICON_NAME = AppIcon;
				CODE_SIGN_STYLE = Automatic;
				DEVELOPMENT_ASSET_PATHS = "\"MemeMe 2.0/Preview Content\"";
				ENABLE_PREVIEWS = YES;
				INFOPLIST_FILE = "MemeMe 2.0/Info.plist";
				LD_RUNPATH_SEARCH_PATHS = (
					"$(inherited)",
					"@executable_path/Frameworks",
				);
				PRODUCT_BUNDLE_IDENTIFIER = "com.udacity.MemeMe-2-0";
				PRODUCT_NAME = "$(TARGET_NAME)";
				SWIFT_VERSION = 5.0;
				TARGETED_DEVICE_FAMILY = "1,2";
			};
			name = Debug;
		};
		3255A0F824BAC6A000F8B441 /* Release */ = {
			isa = XCBuildConfiguration;
			buildSettings = {
				ASSETCATALOG_COMPILER_APPICON_NAME = AppIcon;
				CODE_SIGN_STYLE = Automatic;
				DEVELOPMENT_ASSET_PATHS = "\"MemeMe 2.0/Preview Content\"";
				ENABLE_PREVIEWS = YES;
				INFOPLIST_FILE = "MemeMe 2.0/Info.plist";
				LD_RUNPATH_SEARCH_PATHS = (
					"$(inherited)",
					"@executable_path/Frameworks",
				);
				PRODUCT_BUNDLE_IDENTIFIER = "com.udacity.MemeMe-2-0";
				PRODUCT_NAME = "$(TARGET_NAME)";
				SWIFT_VERSION = 5.0;
				TARGETED_DEVICE_FAMILY = "1,2";
			};
			name = Release;
		};
/* End XCBuildConfiguration section */

/* Begin XCConfigurationList section */
		3255A0DD24BAC69D00F8B441 /* Build configuration list for PBXProject "MemeMe 2.0" */ = {
			isa = XCConfigurationList;
			buildConfigurations = (
				3255A0F424BAC6A000F8B441 /* Debug */,
				3255A0F524BAC6A000F8B441 /* Release */,
			);
			defaultConfigurationIsVisible = 0;
			defaultConfigurationName = Release;
		};
		3255A0F624BAC6A000F8B441 /* Build configuration list for PBXNativeTarget "MemeMe 2.0" */ = {
			isa = XCConfigurationList;
			buildConfigurations = (
				3255A0F724BAC6A000F8B441 /* Debug */,
				3255A0F824BAC6A000F8B441 /* Release */,
			);
			defaultConfigurationIsVisible = 0;
			defaultConfigurationName = Release;
		};
/* End XCConfigurationList section */
	};
	rootObject = 3255A0DA24BAC69D00F8B441 /* Project object */;
}
