// !$*UTF8*$!
{
	archiveVersion = 1;
	classes = {
	};
	objectVersion = 50;
	objects = {

/* Begin PBXBuildFile section */
		32C2004F24B3EC0700E4B7A2 /* AppDelegate.swift in Sources */ = {isa = PBXBuildFile; fileRef = 32C2004E24B3EC0700E4B7A2 /* AppDelegate.swift */; };
		32C2005124B3EC0700E4B7A2 /* SceneDelegate.swift in Sources */ = {isa = PBXBuildFile; fileRef = 32C2005024B3EC0700E4B7A2 /* SceneDelegate.swift */; };
		32C2005324B3EC0700E4B7A2 /* AudioRecordView.swift in Sources */ = {isa = PBXBuildFile; fileRef = 32C2005224B3EC0700E4B7A2 /* AudioRecordView.swift */; };
		32C2005524B3EC0800E4B7A2 /* Assets.xcassets in Resources */ = {isa = PBXBuildFile; fileRef = 32C2005424B3EC0800E4B7A2 /* Assets.xcassets */; };
		32C2005824B3EC0800E4B7A2 /* Preview Assets.xcassets in Resources */ = {isa = PBXBuildFile; fileRef = 32C2005724B3EC0800E4B7A2 /* Preview Assets.xcassets */; };
		32C2005B24B3EC0800E4B7A2 /* LaunchScreen.storyboard in Resources */ = {isa = PBXBuildFile; fileRef = 32C2005924B3EC0800E4B7A2 /* LaunchScreen.storyboard */; };
		32E46B2A24B541E700B0ECE1 /* AudioPlayView.swift in Sources */ = {isa = PBXBuildFile; fileRef = 32E46B2924B541E700B0ECE1 /* AudioPlayView.swift */; };
		32E46B2E24B5506D00B0ECE1 /* AudioRecorder.swift in Sources */ = {isa = PBXBuildFile; fileRef = 32E46B2D24B5506D00B0ECE1 /* AudioRecorder.swift */; };
		32E46B3024B5818900B0ECE1 /* AudioPlayer.swift in Sources */ = {isa = PBXBuildFile; fileRef = 32E46B2F24B5818900B0ECE1 /* AudioPlayer.swift */; };
		32E46B3224B5A2E700B0ECE1 /* AlertContent.swift in Sources */ = {isa = PBXBuildFile; fileRef = 32E46B3124B5A2E700B0ECE1 /* AlertContent.swift */; };
/* End PBXBuildFile section */

/* Begin PBXFileReference section */
		32C2004B24B3EC0700E4B7A2 /* PitchPerfect.app */ = {isa = PBXFileReference; explicitFileType = wrapper.application; includeInIndex = 0; path = PitchPerfect.app; sourceTree = BUILT_PRODUCTS_DIR; };
		32C2004E24B3EC0700E4B7A2 /* AppDelegate.swift */ = {isa = PBXFileReference; lastKnownFileType = sourcecode.swift; path = AppDelegate.swift; sourceTree = "<group>"; };
		32C2005024B3EC0700E4B7A2 /* SceneDelegate.swift */ = {isa = PBXFileReference; lastKnownFileType = sourcecode.swift; path = SceneDelegate.swift; sourceTree = "<group>"; };
		32C2005224B3EC0700E4B7A2 /* AudioRecordView.swift */ = {isa = PBXFileReference; lastKnownFileType = sourcecode.swift; path = AudioRecordView.swift; sourceTree = "<group>"; };
		32C2005424B3EC0800E4B7A2 /* Assets.xcassets */ = {isa = PBXFileReference; lastKnownFileType = folder.assetcatalog; path = Assets.xcassets; sourceTree = "<group>"; };
		32C2005724B3EC0800E4B7A2 /* Preview Assets.xcassets */ = {isa = PBXFileReference; lastKnownFileType = folder.assetcatalog; path = "Preview Assets.xcassets"; sourceTree = "<group>"; };
		32C2005A24B3EC0800E4B7A2 /* Base */ = {isa = PBXFileReference; lastKnownFileType = file.storyboard; name = Base; path = Base.lproj/LaunchScreen.storyboard; sourceTree = "<group>"; };
		32C2005C24B3EC0800E4B7A2 /* Info.plist */ = {isa = PBXFileReference; lastKnownFileType = text.plist.xml; path = Info.plist; sourceTree = "<group>"; };
		32E46B2924B541E700B0ECE1 /* AudioPlayView.swift */ = {isa = PBXFileReference; lastKnownFileType = sourcecode.swift; path = AudioPlayView.swift; sourceTree = "<group>"; };
		32E46B2D24B5506D00B0ECE1 /* AudioRecorder.swift */ = {isa = PBXFileReference; lastKnownFileType = sourcecode.swift; path = AudioRecorder.swift; sourceTree = "<group>"; };
		32E46B2F24B5818900B0ECE1 /* AudioPlayer.swift */ = {isa = PBXFileReference; lastKnownFileType = sourcecode.swift; path = AudioPlayer.swift; sourceTree = "<group>"; };
		32E46B3124B5A2E700B0ECE1 /* AlertContent.swift */ = {isa = PBXFileReference; lastKnownFileType = sourcecode.swift; path = AlertContent.swift; sourceTree = "<group>"; };
/* End PBXFileReference section */

/* Begin PBXFrameworksBuildPhase section */
		32C2004824B3EC0700E4B7A2 /* Frameworks */ = {
			isa = PBXFrameworksBuildPhase;
			buildActionMask = 2147483647;
			files = (
			);
			runOnlyForDeploymentPostprocessing = 0;
		};
/* End PBXFrameworksBuildPhase section */

/* Begin PBXGroup section */
		32C2004224B3EC0700E4B7A2 = {
			isa = PBXGroup;
			children = (
				32C2004D24B3EC0700E4B7A2 /* PitchPerfect */,
				32C2004C24B3EC0700E4B7A2 /* Products */,
			);
			sourceTree = "<group>";
		};
		32C2004C24B3EC0700E4B7A2 /* Products */ = {
			isa = PBXGroup;
			children = (
				32C2004B24B3EC0700E4B7A2 /* PitchPerfect.app */,
			);
			name = Products;
			sourceTree = "<group>";
		};
		32C2004D24B3EC0700E4B7A2 /* PitchPerfect */ = {
			isa = PBXGroup;
			children = (
				32DC443F24C674740008CA50 /* Service */,
				32DC443E24C6746D0008CA50 /* View */,
				32C2004E24B3EC0700E4B7A2 /* AppDelegate.swift */,
				32C2005024B3EC0700E4B7A2 /* SceneDelegate.swift */,
				32C2005424B3EC0800E4B7A2 /* Assets.xcassets */,
				32C2005924B3EC0800E4B7A2 /* LaunchScreen.storyboard */,
				32C2005C24B3EC0800E4B7A2 /* Info.plist */,
				32C2005624B3EC0800E4B7A2 /* Preview Content */,
			);
			path = PitchPerfect;
			sourceTree = "<group>";
		};
		32C2005624B3EC0800E4B7A2 /* Preview Content */ = {
			isa = PBXGroup;
			children = (
				32C2005724B3EC0800E4B7A2 /* Preview Assets.xcassets */,
			);
			path = "Preview Content";
			sourceTree = "<group>";
		};
		32DC443E24C6746D0008CA50 /* View */ = {
			isa = PBXGroup;
			children = (
				32E46B3124B5A2E700B0ECE1 /* AlertContent.swift */,
				32E46B2924B541E700B0ECE1 /* AudioPlayView.swift */,
				32C2005224B3EC0700E4B7A2 /* AudioRecordView.swift */,
			);
			path = View;
			sourceTree = "<group>";
		};
		32DC443F24C674740008CA50 /* Service */ = {
			isa = PBXGroup;
			children = (
				32E46B2F24B5818900B0ECE1 /* AudioPlayer.swift */,
				32E46B2D24B5506D00B0ECE1 /* AudioRecorder.swift */,
			);
			path = Service;
			sourceTree = "<group>";
		};
/* End PBXGroup section */

/* Begin PBXNativeTarget section */
		32C2004A24B3EC0700E4B7A2 /* PitchPerfect */ = {
			isa = PBXNativeTarget;
			buildConfigurationList = 32C2005F24B3EC0800E4B7A2 /* Build configuration list for PBXNativeTarget "PitchPerfect" */;
			buildPhases = (
				32C2004724B3EC0700E4B7A2 /* Sources */,
				32C2004824B3EC0700E4B7A2 /* Frameworks */,
				32C2004924B3EC0700E4B7A2 /* Resources */,
			);
			buildRules = (
			);
			dependencies = (
			);
			name = PitchPerfect;
			productName = PitchPerfect;
			productReference = 32C2004B24B3EC0700E4B7A2 /* PitchPerfect.app */;
			productType = "com.apple.product-type.application";
		};
/* End PBXNativeTarget section */

/* Begin PBXProject section */
		32C2004324B3EC0700E4B7A2 /* Project object */ = {
			isa = PBXProject;
			attributes = {
				LastSwiftUpdateCheck = 1140;
				LastUpgradeCheck = 1140;
				ORGANIZATIONNAME = Udacity;
				TargetAttributes = {
					32C2004A24B3EC0700E4B7A2 = {
						CreatedOnToolsVersion = 11.4.1;
					};
				};
			};
			buildConfigurationList = 32C2004624B3EC0700E4B7A2 /* Build configuration list for PBXProject "PitchPerfect" */;
			compatibilityVersion = "Xcode 9.3";
			developmentRegion = en;
			hasScannedForEncodings = 0;
			knownRegions = (
				en,
				Base,
			);
			mainGroup = 32C2004224B3EC0700E4B7A2;
			productRefGroup = 32C2004C24B3EC0700E4B7A2 /* Products */;
			projectDirPath = "";
			projectRoot = "";
			targets = (
				32C2004A24B3EC0700E4B7A2 /* PitchPerfect */,
			);
		};
/* End PBXProject section */

/* Begin PBXResourcesBuildPhase section */
		32C2004924B3EC0700E4B7A2 /* Resources */ = {
			isa = PBXResourcesBuildPhase;
			buildActionMask = 2147483647;
			files = (
				32C2005B24B3EC0800E4B7A2 /* LaunchScreen.storyboard in Resources */,
				32C2005824B3EC0800E4B7A2 /* Preview Assets.xcassets in Resources */,
				32C2005524B3EC0800E4B7A2 /* Assets.xcassets in Resources */,
			);
			runOnlyForDeploymentPostprocessing = 0;
		};
/* End PBXResourcesBuildPhase section */

/* Begin PBXSourcesBuildPhase section */
		32C2004724B3EC0700E4B7A2 /* Sources */ = {
			isa = PBXSourcesBuildPhase;
			buildActionMask = 2147483647;
			files = (
				32E46B2A24B541E700B0ECE1 /* AudioPlayView.swift in Sources */,
				32C2004F24B3EC0700E4B7A2 /* AppDelegate.swift in Sources */,
				32E46B3224B5A2E700B0ECE1 /* AlertContent.swift in Sources */,
				32C2005124B3EC0700E4B7A2 /* SceneDelegate.swift in Sources */,
				32C2005324B3EC0700E4B7A2 /* AudioRecordView.swift in Sources */,
				32E46B2E24B5506D00B0ECE1 /* AudioRecorder.swift in Sources */,
				32E46B3024B5818900B0ECE1 /* AudioPlayer.swift in Sources */,
			);
			runOnlyForDeploymentPostprocessing = 0;
		};
/* End PBXSourcesBuildPhase section */

/* Begin PBXVariantGroup section */
		32C2005924B3EC0800E4B7A2 /* LaunchScreen.storyboard */ = {
			isa = PBXVariantGroup;
			children = (
				32C2005A24B3EC0800E4B7A2 /* Base */,
			);
			name = LaunchScreen.storyboard;
			sourceTree = "<group>";
		};
/* End PBXVariantGroup section */

/* Begin XCBuildConfiguration section */
		32C2005D24B3EC0800E4B7A2 /* Debug */ = {
			isa = XCBuildConfiguration;
			buildSettings = {
				ALWAYS_SEARCH_USER_PATHS = NO;
				CLANG_ANALYZER_NONNULL = YES;
				CLANG_ANALYZER_NUMBER_OBJECT_CONVERSION = YES_AGGRESSIVE;
				CLANG_CXX_LANGUAGE_STANDARD = "gnu++14";
				CLANG_CXX_LIBRARY = "libc++";
				CLANG_ENABLE_MODULES = YES;
				CLANG_ENABLE_OBJC_ARC = YES;
				CLANG_ENABLE_OBJC_WEAK = YES;
				CLANG_WARN_BLOCK_CAPTURE_AUTORELEASING = YES;
				CLANG_WARN_BOOL_CONVERSION = YES;
				CLANG_WARN_COMMA = YES;
				CLANG_WARN_CONSTANT_CONVERSION = YES;
				CLANG_WARN_DEPRECATED_OBJC_IMPLEMENTATIONS = YES;
				CLANG_WARN_DIRECT_OBJC_ISA_USAGE = YES_ERROR;
				CLANG_WARN_DOCUMENTATION_COMMENTS = YES;
				CLANG_WARN_EMPTY_BODY = YES;
				CLANG_WARN_ENUM_CONVERSION = YES;
				CLANG_WARN_INFINITE_RECURSION = YES;
				CLANG_WARN_INT_CONVERSION = YES;
				CLANG_WARN_NON_LITERAL_NULL_CONVERSION = YES;
				CLANG_WARN_OBJC_IMPLICIT_RETAIN_SELF = YES;
				CLANG_WARN_OBJC_LITERAL_CONVERSION = YES;
				CLANG_WARN_OBJC_ROOT_CLASS = YES_ERROR;
				CLANG_WARN_RANGE_LOOP_ANALYSIS = YES;
				CLANG_WARN_STRICT_PROTOTYPES = YES;
				CLANG_WARN_SUSPICIOUS_MOVE = YES;
				CLANG_WARN_UNGUARDED_AVAILABILITY = YES_AGGRESSIVE;
				CLANG_WARN_UNREACHABLE_CODE = YES;
				CLANG_WARN__DUPLICATE_METHOD_MATCH = YES;
				COPY_PHASE_STRIP = NO;
				DEBUG_INFORMATION_FORMAT = dwarf;
				ENABLE_STRICT_OBJC_MSGSEND = YES;
				ENABLE_TESTABILITY = YES;
				GCC_C_LANGUAGE_STANDARD = gnu11;
				GCC_DYNAMIC_NO_PIC = NO;
				GCC_NO_COMMON_BLOCKS = YES;
				GCC_OPTIMIZATION_LEVEL = 0;
				GCC_PREPROCESSOR_DEFINITIONS = (
					"DEBUG=1",
					"$(inherited)",
				);
				GCC_WARN_64_TO_32_BIT_CONVERSION = YES;
				GCC_WARN_ABOUT_RETURN_TYPE = YES_ERROR;
				GCC_WARN_UNDECLARED_SELECTOR = YES;
				GCC_WARN_UNINITIALIZED_AUTOS = YES_AGGRESSIVE;
				GCC_WARN_UNUSED_FUNCTION = YES;
				GCC_WARN_UNUSED_VARIABLE = YES;
				IPHONEOS_DEPLOYMENT_TARGET = 13.4;
				MTL_ENABLE_DEBUG_INFO = INCLUDE_SOURCE;
				MTL_FAST_MATH = YES;
				ONLY_ACTIVE_ARCH = YES;
				SDKROOT = iphoneos;
				SWIFT_ACTIVE_COMPILATION_CONDITIONS = DEBUG;
				SWIFT_OPTIMIZATION_LEVEL = "-Onone";
			};
			name = Debug;
		};
		32C2005E24B3EC0800E4B7A2 /* Release */ = {
			isa = XCBuildConfiguration;
			buildSettings = {
				ALWAYS_SEARCH_USER_PATHS = NO;
				CLANG_ANALYZER_NONNULL = YES;
				CLANG_ANALYZER_NUMBER_OBJECT_CONVERSION = YES_AGGRESSIVE;
				CLANG_CXX_LANGUAGE_STANDARD = "gnu++14";
				CLANG_CXX_LIBRARY = "libc++";
				CLANG_ENABLE_MODULES = YES;
				CLANG_ENABLE_OBJC_ARC = YES;
				CLANG_ENABLE_OBJC_WEAK = YES;
				CLANG_WARN_BLOCK_CAPTURE_AUTORELEASING = YES;
				CLANG_WARN_BOOL_CONVERSION = YES;
				CLANG_WARN_COMMA = YES;
				CLANG_WARN_CONSTANT_CONVERSION = YES;
				CLANG_WARN_DEPRECATED_OBJC_IMPLEMENTATIONS = YES;
				CLANG_WARN_DIRECT_OBJC_ISA_USAGE = YES_ERROR;
				CLANG_WARN_DOCUMENTATION_COMMENTS = YES;
				CLANG_WARN_EMPTY_BODY = YES;
				CLANG_WARN_ENUM_CONVERSION = YES;
				CLANG_WARN_INFINITE_RECURSION = YES;
				CLANG_WARN_INT_CONVERSION = YES;
				CLANG_WARN_NON_LITERAL_NULL_CONVERSION = YES;
				CLANG_WARN_OBJC_IMPLICIT_RETAIN_SELF = YES;
				CLANG_WARN_OBJC_LITERAL_CONVERSION = YES;
				CLANG_WARN_OBJC_ROOT_CLASS = YES_ERROR;
				CLANG_WARN_RANGE_LOOP_ANALYSIS = YES;
				CLANG_WARN_STRICT_PROTOTYPES = YES;
				CLANG_WARN_SUSPICIOUS_MOVE = YES;
				CLANG_WARN_UNGUARDED_AVAILABILITY = YES_AGGRESSIVE;
				CLANG_WARN_UNREACHABLE_CODE = YES;
				CLANG_WARN__DUPLICATE_METHOD_MATCH = YES;
				COPY_PHASE_STRIP = NO;
				DEBUG_INFORMATION_FORMAT = "dwarf-with-dsym";
				ENABLE_NS_ASSERTIONS = NO;
				ENABLE_STRICT_OBJC_MSGSEND = YES;
				GCC_C_LANGUAGE_STANDARD = gnu11;
				GCC_NO_COMMON_BLOCKS = YES;
				GCC_WARN_64_TO_32_BIT_CONVERSION = YES;
				GCC_WARN_ABOUT_RETURN_TYPE = YES_ERROR;
				GCC_WARN_UNDECLARED_SELECTOR = YES;
				GCC_WARN_UNINITIALIZED_AUTOS = YES_AGGRESSIVE;
				GCC_WARN_UNUSED_FUNCTION = YES;
				GCC_WARN_UNUSED_VARIABLE = YES;
				IPHONEOS_DEPLOYMENT_TARGET = 13.4;
				MTL_ENABLE_DEBUG_INFO = NO;
				MTL_FAST_MATH = YES;
				SDKROOT = iphoneos;
				SWIFT_COMPILATION_MODE = wholemodule;
				SWIFT_OPTIMIZATION_LEVEL = "-O";
				VALIDATE_PRODUCT = YES;
			};
			name = Release;
		};
		32C2006024B3EC0800E4B7A2 /* Debug */ = {
			isa = XCBuildConfiguration;
			buildSettings = {
				ASSETCATALOG_COMPILER_APPICON_NAME = AppIcon;
				CODE_SIGN_STYLE = Automatic;
				DEVELOPMENT_ASSET_PATHS = "\"PitchPerfect/Preview Content\"";
				ENABLE_PREVIEWS = YES;
				INFOPLIST_FILE = PitchPerfect/Info.plist;
				LD_RUNPATH_SEARCH_PATHS = (
					"$(inherited)",
					"@executable_path/Frameworks",
				);
				PRODUCT_BUNDLE_IDENTIFIER = com.udacity.PitchPerfect;
				PRODUCT_NAME = "$(TARGET_NAME)";
				SWIFT_VERSION = 5.0;
				TARGETED_DEVICE_FAMILY = "1,2";
			};
			name = Debug;
		};
		32C2006124B3EC0800E4B7A2 /* Release */ = {
			isa = XCBuildConfiguration;
			buildSettings = {
				ASSETCATALOG_COMPILER_APPICON_NAME = AppIcon;
				CODE_SIGN_STYLE = Automatic;
				DEVELOPMENT_ASSET_PATHS = "\"PitchPerfect/Preview Content\"";
				ENABLE_PREVIEWS = YES;
				INFOPLIST_FILE = PitchPerfect/Info.plist;
				LD_RUNPATH_SEARCH_PATHS = (
					"$(inherited)",
					"@executable_path/Frameworks",
				);
				PRODUCT_BUNDLE_IDENTIFIER = com.udacity.PitchPerfect;
				PRODUCT_NAME = "$(TARGET_NAME)";
				SWIFT_VERSION = 5.0;
				TARGETED_DEVICE_FAMILY = "1,2";
			};
			name = Release;
		};
/* End XCBuildConfiguration section */

/* Begin XCConfigurationList section */
		32C2004624B3EC0700E4B7A2 /* Build configuration list for PBXProject "PitchPerfect" */ = {
			isa = XCConfigurationList;
			buildConfigurations = (
				32C2005D24B3EC0800E4B7A2 /* Debug */,
				32C2005E24B3EC0800E4B7A2 /* Release */,
			);
			defaultConfigurationIsVisible = 0;
			defaultConfigurationName = Release;
		};
		32C2005F24B3EC0800E4B7A2 /* Build configuration list for PBXNativeTarget "PitchPerfect" */ = {
			isa = XCConfigurationList;
			buildConfigurations = (
				32C2006024B3EC0800E4B7A2 /* Debug */,
				32C2006124B3EC0800E4B7A2 /* Release */,
			);
			defaultConfigurationIsVisible = 0;
			defaultConfigurationName = Release;
		};
/* End XCConfigurationList section */
	};
	rootObject = 32C2004324B3EC0700E4B7A2 /* Project object */;
}
